
Microsoft Visual Studio Solution File, Format Version 12.00
# Visual Studio Version 16
VisualStudioVersion = 16.0.29920.165
MinimumVisualStudioVersion = 10.0.40219.1
Project("{9A19103F-16F7-4668-BE54-9A1E7A4F7556}") = "BroomGUI", "BroomGUI\BroomGUI.csproj", "{661B6AC8-E8CE-4177-A980-04B1C95F41DA}"
EndProject
Project("{9A19103F-16F7-4668-BE54-9A1E7A4F7556}") = "BroomDLL", "BroomDLL\BroomDLL.csproj", "{AC814E9E-E84D-46C1-A27B-DAE27040D510}"
EndProject
Project("{9A19103F-16F7-4668-BE54-9A1E7A4F7556}") = "BroomConsole", "BroomConsole\BroomConsole.csproj", "{B1F0102D-E262-412B-A7F7-333407225847}"
EndProject
Project("{FAE04EC0-301F-11D3-BF4B-00C04F79EFBC}") = "BroomTest", "BroomTest\BroomTest.csproj", "{1B5C250C-43CC-4926-BCC9-43647C1AC3EA}"
EndProject
Global
	GlobalSection(SolutionConfigurationPlatforms) = preSolution
		Debug|Any CPU = Debug|Any CPU
		Release|Any CPU = Release|Any CPU
	EndGlobalSection
	GlobalSection(ProjectConfigurationPlatforms) = postSolution
		{661B6AC8-E8CE-4177-A980-04B1C95F41DA}.Debug|Any CPU.ActiveCfg = Debug|Any CPU
		{661B6AC8-E8CE-4177-A980-04B1C95F41DA}.Debug|Any CPU.Build.0 = Debug|Any CPU
		{661B6AC8-E8CE-4177-A980-04B1C95F41DA}.Release|Any CPU.ActiveCfg = Release|Any CPU
		{661B6AC8-E8CE-4177-A980-04B1C95F41DA}.Release|Any CPU.Build.0 = Release|Any CPU
		{AC814E9E-E84D-46C1-A27B-DAE27040D510}.Debug|Any CPU.ActiveCfg = Debug|Any CPU
		{AC814E9E-E84D-46C1-A27B-DAE27040D510}.Debug|Any CPU.Build.0 = Debug|Any CPU
		{AC814E9E-E84D-46C1-A27B-DAE27040D510}.Release|Any CPU.ActiveCfg = Release|Any CPU
		{AC814E9E-E84D-46C1-A27B-DAE27040D510}.Release|Any CPU.Build.0 = Release|Any CPU
		{B1F0102D-E262-412B-A7F7-333407225847}.Debug|Any CPU.ActiveCfg = Debug|Any CPU
		{B1F0102D-E262-412B-A7F7-333407225847}.Debug|Any CPU.Build.0 = Debug|Any CPU
		{B1F0102D-E262-412B-A7F7-333407225847}.Release|Any CPU.ActiveCfg = Release|Any CPU
		{B1F0102D-E262-412B-A7F7-333407225847}.Release|Any CPU.Build.0 = Release|Any CPU
		{1B5C250C-43CC-4926-BCC9-43647C1AC3EA}.Debug|Any CPU.ActiveCfg = Debug|Any CPU
		{1B5C250C-43CC-4926-BCC9-43647C1AC3EA}.Debug|Any CPU.Build.0 = Debug|Any CPU
		{1B5C250C-43CC-4926-BCC9-43647C1AC3EA}.Release|Any CPU.ActiveCfg = Release|Any CPU
		{1B5C250C-43CC-4926-BCC9-43647C1AC3EA}.Release|Any CPU.Build.0 = Release|Any CPU
	EndGlobalSection
	GlobalSection(SolutionProperties) = preSolution
		HideSolutionNode = FALSE
	EndGlobalSection
	GlobalSection(ExtensibilityGlobals) = postSolution
		SolutionGuid = {A058047A-18D0-4F02-BA50-560F4E30A931}
	EndGlobalSection
EndGlobal
