
Microsoft Visual Studio Solution File, Format Version 12.00
# Visual Studio Version 16
VisualStudioVersion = 16.0.29920.165
MinimumVisualStudioVersion = 10.0.40219.1
Project("{9A19103F-16F7-4668-BE54-9A1E7A4F7556}") = "Broom.Core", "Broom.Core\Broom.Core.csproj", "{AC814E9E-E84D-46C1-A27B-DAE27040D510}"
EndProject
Project("{FAE04EC0-301F-11D3-BF4B-00C04F79EFBC}") = "Broom.ConsoleApp", "Broom.ConsoleApp\Broom.ConsoleApp.csproj", "{35A7A44F-E250-46DD-8FDF-AF69742BA05B}"
EndProject
Project("{FAE04EC0-301F-11D3-BF4B-00C04F79EFBC}") = "Broom.TUI", "Broom.TUI\Broom.TUI.csproj", "{FE109013-8CDF-4E89-B590-4EB02D737097}"
EndProject
Global
	GlobalSection(SolutionConfigurationPlatforms) = preSolution
		Debug|Any CPU = Debug|Any CPU
		Release|Any CPU = Release|Any CPU
	EndGlobalSection
	GlobalSection(ProjectConfigurationPlatforms) = postSolution
		{AC814E9E-E84D-46C1-A27B-DAE27040D510}.Debug|Any CPU.ActiveCfg = Debug|Any CPU
		{AC814E9E-E84D-46C1-A27B-DAE27040D510}.Debug|Any CPU.Build.0 = Debug|Any CPU
		{AC814E9E-E84D-46C1-A27B-DAE27040D510}.Release|Any CPU.ActiveCfg = Release|Any CPU
		{AC814E9E-E84D-46C1-A27B-DAE27040D510}.Release|Any CPU.Build.0 = Release|Any CPU
		{35A7A44F-E250-46DD-8FDF-AF69742BA05B}.Debug|Any CPU.ActiveCfg = Debug|Any CPU
		{35A7A44F-E250-46DD-8FDF-AF69742BA05B}.Debug|Any CPU.Build.0 = Debug|Any CPU
		{35A7A44F-E250-46DD-8FDF-AF69742BA05B}.Release|Any CPU.ActiveCfg = Release|Any CPU
		{35A7A44F-E250-46DD-8FDF-AF69742BA05B}.Release|Any CPU.Build.0 = Release|Any CPU
		{FE109013-8CDF-4E89-B590-4EB02D737097}.Debug|Any CPU.ActiveCfg = Debug|Any CPU
		{FE109013-8CDF-4E89-B590-4EB02D737097}.Debug|Any CPU.Build.0 = Debug|Any CPU
		{FE109013-8CDF-4E89-B590-4EB02D737097}.Release|Any CPU.ActiveCfg = Release|Any CPU
		{FE109013-8CDF-4E89-B590-4EB02D737097}.Release|Any CPU.Build.0 = Release|Any CPU
	EndGlobalSection
	GlobalSection(SolutionProperties) = preSolution
		HideSolutionNode = FALSE
	EndGlobalSection
	GlobalSection(ExtensibilityGlobals) = postSolution
		SolutionGuid = {A058047A-18D0-4F02-BA50-560F4E30A931}
	EndGlobalSection
EndGlobal
